
Microsoft Visual Studio Solution File, Format Version 11.00
# Visual Studio 2010
Project("{FAE04EC0-301F-11D3-BF4B-00C04F79EFBC}") = "UgtvOnYourPhoneWeb", "UgtvOnYourPhoneWeb\UgtvOnYourPhoneWeb.csproj", "{F4808219-A099-4767-B561-EC6CEA83183C}"
EndProject
Project("{FAE04EC0-301F-11D3-BF4B-00C04F79EFBC}") = "UgtvOnYourPhoneClient", "UgtvOnYourPhoneClient\UgtvOnYourPhoneClient.csproj", "{AD439D13-5B2B-464D-A974-8FA01F5F4DBE}"
EndProject
Project("{FAE04EC0-301F-11D3-BF4B-00C04F79EFBC}") = "UgtvOnYourPhoneCommon", "UgtvOnYourPhoneCommon\UgtvOnYourPhoneCommon.csproj", "{4C0F8A84-4B1C-4EF6-8F73-88533927B1E5}"
EndProject
Global
	GlobalSection(SolutionConfigurationPlatforms) = preSolution
		Debug|Any CPU = Debug|Any CPU
		Release|Any CPU = Release|Any CPU
	EndGlobalSection
	GlobalSection(ProjectConfigurationPlatforms) = postSolution
		{F4808219-A099-4767-B561-EC6CEA83183C}.Debug|Any CPU.ActiveCfg = Debug|Any CPU
		{F4808219-A099-4767-B561-EC6CEA83183C}.Debug|Any CPU.Build.0 = Debug|Any CPU
		{F4808219-A099-4767-B561-EC6CEA83183C}.Release|Any CPU.ActiveCfg = Release|Any CPU
		{F4808219-A099-4767-B561-EC6CEA83183C}.Release|Any CPU.Build.0 = Release|Any CPU
		{AD439D13-5B2B-464D-A974-8FA01F5F4DBE}.Debug|Any CPU.ActiveCfg = Debug|Any CPU
		{AD439D13-5B2B-464D-A974-8FA01F5F4DBE}.Debug|Any CPU.Build.0 = Debug|Any CPU
		{AD439D13-5B2B-464D-A974-8FA01F5F4DBE}.Debug|Any CPU.Deploy.0 = Debug|Any CPU
		{AD439D13-5B2B-464D-A974-8FA01F5F4DBE}.Release|Any CPU.ActiveCfg = Release|Any CPU
		{AD439D13-5B2B-464D-A974-8FA01F5F4DBE}.Release|Any CPU.Build.0 = Release|Any CPU
		{AD439D13-5B2B-464D-A974-8FA01F5F4DBE}.Release|Any CPU.Deploy.0 = Release|Any CPU
		{4C0F8A84-4B1C-4EF6-8F73-88533927B1E5}.Debug|Any CPU.ActiveCfg = Debug|Any CPU
		{4C0F8A84-4B1C-4EF6-8F73-88533927B1E5}.Debug|Any CPU.Build.0 = Debug|Any CPU
		{4C0F8A84-4B1C-4EF6-8F73-88533927B1E5}.Release|Any CPU.ActiveCfg = Release|Any CPU
		{4C0F8A84-4B1C-4EF6-8F73-88533927B1E5}.Release|Any CPU.Build.0 = Release|Any CPU
	EndGlobalSection
	GlobalSection(SolutionProperties) = preSolution
		HideSolutionNode = FALSE
	EndGlobalSection
EndGlobal
